importers:
  .:
    dependencies:
      reason-react: 0.7.0
    specifiers:
      reason-react: ^0.7.0
  packages/bar:
    dependencies:
      react: 16.8.6
      react-dom: 16.8.6_react@16.8.6
      reason-react: 0.7.0
    specifiers:
      react: ^16.8.6
      react-dom: ^16.8.6
      reason-react: ^0.7.0
  packages/foo:
    dependencies:
      react: 16.8.6
      react-dom: 16.8.6_react@16.8.6
      reason-react: 0.7.0
    specifiers:
      react: ^16.8.6
      react-dom: ^16.8.6
      reason-react: ^0.7.0
lockfileVersion: 5.1
packages:
  /js-tokens/4.0.0:
    dev: false
    resolution:
      integrity: sha512-RdJUflcE3cUzKiMqQgsCu06FPu9UdIJO0beYbPhHN4k6apgJtifcoCtT9bcxOpYBtpD2kCM6Sbzg4CausW/PKQ==
  /loose-envify/1.4.0:
    dependencies:
      js-tokens: 4.0.0
    dev: false
    hasBin: true
    resolution:
      integrity: sha512-lyuxPGr/Wfhrlem2CL/UcnUc1zcqKAImBDzukY7Y5F/yQiNdko6+fRLevlw1HgMySw7f611UIY408EtxRSoK3Q==
  /object-assign/4.1.1:
    dev: false
    engines:
      node: '>=0.10.0'
    resolution:
      integrity: sha1-IQmtx5ZYh8/AXLvUQsrIv7s2CGM=
  /prop-types/15.7.2:
    dependencies:
      loose-envify: 1.4.0
      object-assign: 4.1.1
      react-is: 16.8.6
    dev: false
    resolution:
      integrity: sha512-8QQikdH7//R2vurIJSutZ1smHYTcLpRWEOlHnzcWHmBYrOGUysKwSsrC89BCiFj3CbrfJ/nXFdJepOVrY1GCHQ==
  /react-dom/16.8.6_react@16.8.6:
    dependencies:
      loose-envify: 1.4.0
      object-assign: 4.1.1
      prop-types: 15.7.2
      react: 16.8.6
      scheduler: 0.13.6
    dev: false
    peerDependencies:
      react: ^16.0.0
    resolution:
      integrity: sha512-1nL7PIq9LTL3fthPqwkvr2zY7phIPjYrT0jp4HjyEQrEROnw4dG41VVwi/wfoCneoleqrNX7iAD+pXebJZwrwA==
  /react-is/16.8.6:
    dev: false
    resolution:
      integrity: sha512-aUk3bHfZ2bRSVFFbbeVS4i+lNPZr3/WM5jT2J5omUVV1zzcs1nAaf3l51ctA5FFvCRbhrH0bdAsRRQddFJZPtA==
  /react/16.8.6:
    dependencies:
      loose-envify: 1.4.0
      object-assign: 4.1.1
      prop-types: 15.7.2
      scheduler: 0.13.6
    dev: false
    engines:
      node: '>=0.10.0'
    resolution:
      integrity: sha512-pC0uMkhLaHm11ZSJULfOBqV4tIZkx87ZLvbbQYunNixAAvjnC+snJCg0XQXn9VIsttVsbZP/H/ewzgsd5fxKXw==
  /reason-react/0.7.0:
    dependencies:
      react: 16.8.6
      react-dom: 16.8.6_react@16.8.6
    dev: false
    resolution:
      integrity: sha512-czR/f0lY5iyLCki9gwftOFF5Zs40l7ZSFmpGK/Z6hx2jBVeFDmIiXB8bAQW/cO6IvtuEt97OmsYueiuOYG9XjQ==
  /scheduler/0.13.6:
    dependencies:
      loose-envify: 1.4.0
      object-assign: 4.1.1
    dev: false
    resolution:
      integrity: sha512-IWnObHt413ucAYKsD9J1QShUKkbKLQQHdxRyw73sw4FN26iWr3DY/H34xGPe4nmL1DwXyWmSWmMrA9TfQbE/XQ==
